<?xml version="1.0" encoding="utf-8"?>
<Project ToolsVersion="4.0" xmlns="http://schemas.microsoft.com/developer/msbuild/2003">
  <ItemGroup>
    <Filter Include="소스 파일">
      <UniqueIdentifier>{4FC737F1-C7A5-4376-A066-2A32D752A2FF}</UniqueIdentifier>
      <Extensions>cpp;c;cc;cxx;c++;cppm;ixx;def;odl;idl;hpj;bat;asm;asmx</Extensions>
    </Filter>
    <Filter Include="헤더 파일">
      <UniqueIdentifier>{93995380-89BD-4b04-88EB-625FBE52EBFB}</UniqueIdentifier>
      <Extensions>h;hh;hpp;hxx;h++;hm;inl;inc;ipp;xsd</Extensions>
    </Filter>
    <Filter Include="리소스 파일">
      <UniqueIdentifier>{67DA6AB6-F800-4c08-8B7A-83BB121AAD01}</UniqueIdentifier>
      <Extensions>rc;ico;cur;bmp;dlg;rc2;rct;bin;rgs;gif;jpg;jpeg;jpe;resx;tiff;tif;png;wav;mfcribbon-ms</Extensions>
    </Filter>
  </ItemGroup>
  <ItemGroup>
    <ClCompile Include="가장 큰 운동장 1289.cpp">
      <Filter>소스 파일</Filter>
    </ClCompile>
    <ClCompile Include="대금 만들기 1290.cpp">
      <Filter>소스 파일</Filter>
    </ClCompile>
    <ClCompile Include="시분초로 변환 1703.cpp">
      <Filter>소스 파일</Filter>
    </ClCompile>
    <ClCompile Include="종이 자르기 1677.cpp">
      <Filter>소스 파일</Filter>
    </ClCompile>
    <ClCompile Include="세모바퀴 만들기 1679.cpp">
      <Filter>소스 파일</Filter>
    </ClCompile>
    <ClCompile Include="팩토리얼 1912.cpp">
      <Filter>소스 파일</Filter>
    </ClCompile>
    <ClCompile Include="n까지의 합 1905.cpp">
      <Filter>소스 파일</Filter>
    </ClCompile>
    <ClCompile Include="홀수 출력하기 1904.cpp">
      <Filter>소스 파일</Filter>
    </ClCompile>
    <ClCompile Include="1부터 n까지 역순으로 출력하기 1902.cpp">
      <Filter>소스 파일</Filter>
    </ClCompile>
    <ClCompile Include="1부터 n까지 출력하기 1901.cpp">
      <Filter>소스 파일</Filter>
    </ClCompile>
    <ClCompile Include="벽장 문 이동 4439.cpp">
      <Filter>소스 파일</Filter>
    </ClCompile>
    <ClCompile Include="계단 오르기6-1 2836.cpp">
      <Filter>소스 파일</Filter>
    </ClCompile>
    <ClCompile Include="계단 오르기4-1 2835.cpp">
      <Filter>소스 파일</Filter>
    </ClCompile>
    <ClCompile Include="계단 오르기3-1 2834.cpp">
      <Filter>소스 파일</Filter>
    </ClCompile>
    <ClCompile Include="계단 오르기2-1 2833.cpp">
      <Filter>소스 파일</Filter>
    </ClCompile>
    <ClCompile Include="계단 오르기1-1 2832.cpp">
      <Filter>소스 파일</Filter>
    </ClCompile>
    <ClCompile Include="피보나치 수열 1916.cpp">
      <Filter>소스 파일</Filter>
    </ClCompile>
    <ClCompile Include="배열의 인접한 원소차의 합의 최대화 2652 (코이스터디).cpp">
      <Filter>소스 파일</Filter>
    </ClCompile>
    <ClCompile Include="최대 ged 구하기 2649 %28코이스터디%29.cpp">
      <Filter>소스 파일</Filter>
    </ClCompile>
    <ClCompile Include="퍼즐조각 2664 (코이스터디).cpp">
      <Filter>소스 파일</Filter>
    </ClCompile>
    <ClCompile Include="오븐 시계 2525.cpp">
      <Filter>소스 파일</Filter>
    </ClCompile>
    <ClCompile Include="시간복잡도.cpp">
      <Filter>소스 파일</Filter>
    </ClCompile>
    <ClCompile Include="순차탐색.cpp">
      <Filter>소스 파일</Filter>
    </ClCompile>
    <ClCompile Include="이진탐색.cpp">
      <Filter>소스 파일</Filter>
    </ClCompile>
    <ClCompile Include="1부터 n까지의 합.cpp">
      <Filter>소스 파일</Filter>
    </ClCompile>
    <ClCompile Include="수 찾기 1920.cpp">
      <Filter>소스 파일</Filter>
    </ClCompile>
    <ClCompile Include="랜선 자르기 1654.cpp">
      <Filter>소스 파일</Filter>
    </ClCompile>
    <ClCompile Include="나무 자르기 2805.cpp">
      <Filter>소스 파일</Filter>
    </ClCompile>
    <ClCompile Include="통계학 2108.cpp">
      <Filter>소스 파일</Filter>
    </ClCompile>
    <ClCompile Include="다리 놓기 1010.cpp">
      <Filter>소스 파일</Filter>
    </ClCompile>
    <ClCompile Include="k번째 수 1300.cpp">
      <Filter>소스 파일</Filter>
    </ClCompile>
    <ClCompile Include="숫자 카드 2  10816.cpp">
      <Filter>소스 파일</Filter>
    </ClCompile>
    <ClCompile Include="일곱 난쟁이 2309.cpp">
      <Filter>소스 파일</Filter>
    </ClCompile>
    <ClCompile Include="수열 정렬 1015.cpp">
      <Filter>소스 파일</Filter>
    </ClCompile>
    <ClCompile Include="가장 긴 증가하는 부분 수열2 12015.cpp">
      <Filter>소스 파일</Filter>
    </ClCompile>
    <ClCompile Include="프로그래머스 가사 검색.cpp">
      <Filter>소스 파일</Filter>
    </ClCompile>
    <ClCompile Include="거꾸로 출력하기3 1402.cpp">
      <Filter>소스 파일</Filter>
    </ClCompile>
    <ClCompile Include="0은 빼! 3117.cpp">
      <Filter>소스 파일</Filter>
    </ClCompile>
    <ClCompile Include="수식 계산1 3127.cpp">
      <Filter>소스 파일</Filter>
    </ClCompile>
    <ClCompile Include="소들의 헤어스타일 3130.cpp">
      <Filter>소스 파일</Filter>
    </ClCompile>
    <ClCompile Include="큰 수 덧셈 3021.cpp">
      <Filter>소스 파일</Filter>
    </ClCompile>
    <ClCompile Include="숫자 카드 10815.cpp">
      <Filter>소스 파일</Filter>
    </ClCompile>
    <ClCompile Include="올바른 배열 1337.cpp">
      <Filter>소스 파일</Filter>
    </ClCompile>
    <ClCompile Include="마름모 출력하기 1371.cpp">
      <Filter>소스 파일</Filter>
    </ClCompile>
    <ClCompile Include="카드 놓기 18115.cpp">
      <Filter>소스 파일</Filter>
    </ClCompile>
    <ClCompile Include="트럭 13335.cpp">
      <Filter>소스 파일</Filter>
    </ClCompile>
    <ClCompile Include="ABBC 25381.cpp">
      <Filter>소스 파일</Filter>
    </ClCompile>
    <ClCompile Include="설탕 배달 2839.cpp">
      <Filter>소스 파일</Filter>
    </ClCompile>
    <ClCompile Include="게임 1072.cpp">
      <Filter>소스 파일</Filter>
    </ClCompile>
    <ClCompile Include="N번째 큰 수 2075.cpp">
      <Filter>소스 파일</Filter>
    </ClCompile>
    <ClCompile Include="가운데를 말해요 1655.cpp">
      <Filter>소스 파일</Filter>
    </ClCompile>
    <ClCompile Include="대칭 차집합 1269.cpp">
      <Filter>소스 파일</Filter>
    </ClCompile>
    <ClCompile Include="패션왕 신해빈 9375.cpp">
      <Filter>소스 파일</Filter>
    </ClCompile>
    <ClCompile Include="문자열 집합 14425.cpp">
      <Filter>소스 파일</Filter>
    </ClCompile>
    <ClCompile Include="생태학 4358 %28안품%29.cpp">
      <Filter>소스 파일</Filter>
    </ClCompile>
    <ClCompile Include="터렛 1002.cpp">
      <Filter>소스 파일</Filter>
    </ClCompile>
    <ClCompile Include="후위 표기식 1918 .cpp">
      <Filter>소스 파일</Filter>
    </ClCompile>
    <ClCompile Include="배낭 문제 3740 %28안품%29.cpp">
      <Filter>소스 파일</Filter>
    </ClCompile>
    <ClCompile Include="큐2 18258.cpp">
      <Filter>소스 파일</Filter>
    </ClCompile>
  </ItemGroup>
</Project>